
Microsoft Visual Studio Solution File, Format Version 12.00
# Visual Studio Version 17
VisualStudioVersion = 17.6.33723.286
MinimumVisualStudioVersion = 10.0.40219.1
Project("{FAE04EC0-301F-11D3-BF4B-00C04F79EFBC}") = "SurveyConfigurator", "SurveryConfigurator\SurveyConfigurator.csproj", "{AAF20A7A-80EE-407C-84A2-EB64255E864F}"
EndProject
Global
	GlobalSection(SolutionConfigurationPlatforms) = preSolution
		Debug|Any CPU = Debug|Any CPU
		Release|Any CPU = Release|Any CPU
	EndGlobalSection
	GlobalSection(ProjectConfigurationPlatforms) = postSolution
		{AAF20A7A-80EE-407C-84A2-EB64255E864F}.Debug|Any CPU.ActiveCfg = Debug|Any CPU
		{AAF20A7A-80EE-407C-84A2-EB64255E864F}.Debug|Any CPU.Build.0 = Debug|Any CPU
		{AAF20A7A-80EE-407C-84A2-EB64255E864F}.Release|Any CPU.ActiveCfg = Release|Any CPU
		{AAF20A7A-80EE-407C-84A2-EB64255E864F}.Release|Any CPU.Build.0 = Release|Any CPU
	EndGlobalSection
	GlobalSection(SolutionProperties) = preSolution
		HideSolutionNode = FALSE
	EndGlobalSection
	GlobalSection(ExtensibilityGlobals) = postSolution
		SolutionGuid = {6E0FB530-2BB2-4915-958B-D3F34B6244CA}
	EndGlobalSection
EndGlobal
